Microsoft Visual Studio Solution File, Format Version 11.00
# Visual Studio 2008

Project("{D594FF15-2E9F-1BFC-B742-B5CFB29B136A}") = "SebastianLague'sTopViewShooter", "Assembly-CSharp.csproj", "{3DD49463-8EF9-ED9E-ED1B-41DE7B72363E}"
EndProject
Global
	GlobalSection(SolutionConfigurationPlatforms) = preSolution
		Debug|Any CPU = Debug|Any CPU
		Release|Any CPU = Release|Any CPU
	EndGlobalSection
	GlobalSection(ProjectConfigurationPlatforms) = postSolution
		{3DD49463-8EF9-ED9E-ED1B-41DE7B72363E}.Debug|Any CPU.ActiveCfg = Debug|Any CPU
		{3DD49463-8EF9-ED9E-ED1B-41DE7B72363E}.Debug|Any CPU.Build.0 = Debug|Any CPU
		{3DD49463-8EF9-ED9E-ED1B-41DE7B72363E}.Release|Any CPU.ActiveCfg = Release|Any CPU
		{3DD49463-8EF9-ED9E-ED1B-41DE7B72363E}.Release|Any CPU.Build.0 = Release|Any CPU
	EndGlobalSection
	GlobalSection(SolutionProperties) = preSolution
		HideSolutionNode = FALSE
	EndGlobalSection
	GlobalSection(MonoDevelopProperties) = preSolution
		StartupItem = Assembly-CSharp.csproj
	EndGlobalSection
EndGlobal
